// !$*UTF8*$!
{
	archiveVersion = 1;
	classes = {
	};
	objectVersion = 46;
	objects = {

/* Begin PBXBuildFile section */
		709224741CB896D1007E453B /* AppDelegate.swift in Sources */ = {isa = PBXBuildFile; fileRef = 709224731CB896D1007E453B /* AppDelegate.swift */; };
		709224791CB896D1007E453B /* Main.storyboard in Resources */ = {isa = PBXBuildFile; fileRef = 709224771CB896D1007E453B /* Main.storyboard */; };
		7092247B1CB896D1007E453B /* Assets.xcassets in Resources */ = {isa = PBXBuildFile; fileRef = 7092247A1CB896D1007E453B /* Assets.xcassets */; };
		7092247E1CB896D1007E453B /* LaunchScreen.storyboard in Resources */ = {isa = PBXBuildFile; fileRef = 7092247C1CB896D1007E453B /* LaunchScreen.storyboard */; };
		709224891CB896D1007E453B /* CollectionViewThingTests.swift in Sources */ = {isa = PBXBuildFile; fileRef = 709224881CB896D1007E453B /* CollectionViewThingTests.swift */; };
		709224941CB896D1007E453B /* CollectionViewThingUITests.swift in Sources */ = {isa = PBXBuildFile; fileRef = 709224931CB896D1007E453B /* CollectionViewThingUITests.swift */; };
		709295AE1CB89A9E006C410A /* ItemCollectionViewController.swift in Sources */ = {isa = PBXBuildFile; fileRef = 709295AD1CB89A9E006C410A /* ItemCollectionViewController.swift */; };
		709295B01CB89DD6006C410A /* FlickrSearcher.swift in Sources */ = {isa = PBXBuildFile; fileRef = 709295AF1CB89DD6006C410A /* FlickrSearcher.swift */; };
		709295B21CB8D0AB006C410A /* FlickrPhotoCell.swift in Sources */ = {isa = PBXBuildFile; fileRef = 709295B11CB8D0AB006C410A /* FlickrPhotoCell.swift */; };
		70F4390D1CB97A08007D91E8 /* FlickrPhotoHeaderView.swift in Sources */ = {isa = PBXBuildFile; fileRef = 70F4390C1CB97A08007D91E8 /* FlickrPhotoHeaderView.swift */; };
/* End PBXBuildFile section */

/* Begin PBXContainerItemProxy section */
		709224851CB896D1007E453B /* PBXContainerItemProxy */ = {
			isa = PBXContainerItemProxy;
			containerPortal = 709224681CB896D1007E453B /* Project object */;
			proxyType = 1;
			remoteGlobalIDString = 7092246F1CB896D1007E453B;
			remoteInfo = CollectionViewThing;
		};
		709224901CB896D1007E453B /* PBXContainerItemProxy */ = {
			isa = PBXContainerItemProxy;
			containerPortal = 709224681CB896D1007E453B /* Project object */;
			proxyType = 1;
			remoteGlobalIDString = 7092246F1CB896D1007E453B;
			remoteInfo = CollectionViewThing;
		};
/* End PBXContainerItemProxy section */

/* Begin PBXFileReference section */
		709224701CB896D1007E453B /* CollectionViewThing.app */ = {isa = PBXFileReference; explicitFileType = wrapper.application; includeInIndex = 0; path = CollectionViewThing.app; sourceTree = BUILT_PRODUCTS_DIR; };
		709224731CB896D1007E453B /* AppDelegate.swift */ = {isa = PBXFileReference; lastKnownFileType = sourcecode.swift; path = AppDelegate.swift; sourceTree = "<group>"; };
		709224781CB896D1007E453B /* Base */ = {isa = PBXFileReference; lastKnownFileType = file.storyboard; name = Base; path = Base.lproj/Main.storyboard; sourceTree = "<group>"; };
		7092247A1CB896D1007E453B /* Assets.xcassets */ = {isa = PBXFileReference; lastKnownFileType = folder.assetcatalog; path = Assets.xcassets; sourceTree = "<group>"; };
		7092247D1CB896D1007E453B /* Base */ = {isa = PBXFileReference; lastKnownFileType = file.storyboard; name = Base; path = Base.lproj/LaunchScreen.storyboard; sourceTree = "<group>"; };
		7092247F1CB896D1007E453B /* Info.plist */ = {isa = PBXFileReference; lastKnownFileType = text.plist.xml; path = Info.plist; sourceTree = "<group>"; };
		709224841CB896D1007E453B /* CollectionViewThingTests.xctest */ = {isa = PBXFileReference; explicitFileType = wrapper.cfbundle; includeInIndex = 0; path = CollectionViewThingTests.xctest; sourceTree = BUILT_PRODUCTS_DIR; };
		709224881CB896D1007E453B /* CollectionViewThingTests.swift */ = {isa = PBXFileReference; lastKnownFileType = sourcecode.swift; path = CollectionViewThingTests.swift; sourceTree = "<group>"; };
		7092248A1CB896D1007E453B /* Info.plist */ = {isa = PBXFileReference; lastKnownFileType = text.plist.xml; path = Info.plist; sourceTree = "<group>"; };
		7092248F1CB896D1007E453B /* CollectionViewThingUITests.xctest */ = {isa = PBXFileReference; explicitFileType = wrapper.cfbundle; includeInIndex = 0; path = CollectionViewThingUITests.xctest; sourceTree = BUILT_PRODUCTS_DIR; };
		709224931CB896D1007E453B /* CollectionViewThingUITests.swift */ = {isa = PBXFileReference; lastKnownFileType = sourcecode.swift; path = CollectionViewThingUITests.swift; sourceTree = "<group>"; };
		709224951CB896D1007E453B /* Info.plist */ = {isa = PBXFileReference; lastKnownFileType = text.plist.xml; path = Info.plist; sourceTree = "<group>"; };
		709295AD1CB89A9E006C410A /* ItemCollectionViewController.swift */ = {isa = PBXFileReference; fileEncoding = 4; lastKnownFileType = sourcecode.swift; path = ItemCollectionViewController.swift; sourceTree = "<group>"; };
		709295AF1CB89DD6006C410A /* FlickrSearcher.swift */ = {isa = PBXFileReference; fileEncoding = 4; lastKnownFileType = sourcecode.swift; path = FlickrSearcher.swift; sourceTree = "<group>"; };
		709295B11CB8D0AB006C410A /* FlickrPhotoCell.swift */ = {isa = PBXFileReference; fileEncoding = 4; lastKnownFileType = sourcecode.swift; path = FlickrPhotoCell.swift; sourceTree = "<group>"; };
		70F4390C1CB97A08007D91E8 /* FlickrPhotoHeaderView.swift */ = {isa = PBXFileReference; fileEncoding = 4; lastKnownFileType = sourcecode.swift; path = FlickrPhotoHeaderView.swift; sourceTree = "<group>"; };
/* End PBXFileReference section */

/* Begin PBXFrameworksBuildPhase section */
		7092246D1CB896D1007E453B /* Frameworks */ = {
			isa = PBXFrameworksBuildPhase;
			buildActionMask = 2147483647;
			files = (
			);
			runOnlyForDeploymentPostprocessing = 0;
		};
		709224811CB896D1007E453B /* Frameworks */ = {
			isa = PBXFrameworksBuildPhase;
			buildActionMask = 2147483647;
			files = (
			);
			runOnlyForDeploymentPostprocessing = 0;
		};
		7092248C1CB896D1007E453B /* Frameworks */ = {
			isa = PBXFrameworksBuildPhase;
			buildActionMask = 2147483647;
			files = (
			);
			runOnlyForDeploymentPostprocessing = 0;
		};
/* End PBXFrameworksBuildPhase section */

/* Begin PBXGroup section */
		709224671CB896D1007E453B = {
			isa = PBXGroup;
			children = (
				709224721CB896D1007E453B /* CollectionViewThing */,
				709224871CB896D1007E453B /* CollectionViewThingTests */,
				709224921CB896D1007E453B /* CollectionViewThingUITests */,
				709224711CB896D1007E453B /* Products */,
			);
			sourceTree = "<group>";
		};
		709224711CB896D1007E453B /* Products */ = {
			isa = PBXGroup;
			children = (
				709224701CB896D1007E453B /* CollectionViewThing.app */,
				709224841CB896D1007E453B /* CollectionViewThingTests.xctest */,
				7092248F1CB896D1007E453B /* CollectionViewThingUITests.xctest */,
			);
			name = Products;
			sourceTree = "<group>";
		};
		709224721CB896D1007E453B /* CollectionViewThing */ = {
			isa = PBXGroup;
			children = (
				709295AF1CB89DD6006C410A /* FlickrSearcher.swift */,
				709224731CB896D1007E453B /* AppDelegate.swift */,
				709224771CB896D1007E453B /* Main.storyboard */,
				7092247A1CB896D1007E453B /* Assets.xcassets */,
				7092247C1CB896D1007E453B /* LaunchScreen.storyboard */,
				7092247F1CB896D1007E453B /* Info.plist */,
				709295AD1CB89A9E006C410A /* ItemCollectionViewController.swift */,
				709295B11CB8D0AB006C410A /* FlickrPhotoCell.swift */,
				70F4390C1CB97A08007D91E8 /* FlickrPhotoHeaderView.swift */,
			);
			path = CollectionViewThing;
			sourceTree = "<group>";
		};
		709224871CB896D1007E453B /* CollectionViewThingTests */ = {
			isa = PBXGroup;
			children = (
				709224881CB896D1007E453B /* CollectionViewThingTests.swift */,
				7092248A1CB896D1007E453B /* Info.plist */,
			);
			path = CollectionViewThingTests;
			sourceTree = "<group>";
		};
		709224921CB896D1007E453B /* CollectionViewThingUITests */ = {
			isa = PBXGroup;
			children = (
				709224931CB896D1007E453B /* CollectionViewThingUITests.swift */,
				709224951CB896D1007E453B /* Info.plist */,
			);
			path = CollectionViewThingUITests;
			sourceTree = "<group>";
		};
/* End PBXGroup section */

/* Begin PBXNativeTarget section */
		7092246F1CB896D1007E453B /* CollectionViewThing */ = {
			isa = PBXNativeTarget;
			buildConfigurationList = 709224981CB896D1007E453B /* Build configuration list for PBXNativeTarget "CollectionViewThing" */;
			buildPhases = (
				7092246C1CB896D1007E453B /* Sources */,
				7092246D1CB896D1007E453B /* Frameworks */,
				7092246E1CB896D1007E453B /* Resources */,
			);
			buildRules = (
			);
			dependencies = (
			);
			name = CollectionViewThing;
			productName = CollectionViewThing;
			productReference = 709224701CB896D1007E453B /* CollectionViewThing.app */;
			productType = "com.apple.product-type.application";
		};
		709224831CB896D1007E453B /* CollectionViewThingTests */ = {
			isa = PBXNativeTarget;
			buildConfigurationList = 7092249B1CB896D1007E453B /* Build configuration list for PBXNativeTarget "CollectionViewThingTests" */;
			buildPhases = (
				709224801CB896D1007E453B /* Sources */,
				709224811CB896D1007E453B /* Frameworks */,
				709224821CB896D1007E453B /* Resources */,
			);
			buildRules = (
			);
			dependencies = (
				709224861CB896D1007E453B /* PBXTargetDependency */,
			);
			name = CollectionViewThingTests;
			productName = CollectionViewThingTests;
			productReference = 709224841CB896D1007E453B /* CollectionViewThingTests.xctest */;
			productType = "com.apple.product-type.bundle.unit-test";
		};
		7092248E1CB896D1007E453B /* CollectionViewThingUITests */ = {
			isa = PBXNativeTarget;
			buildConfigurationList = 7092249E1CB896D1007E453B /* Build configuration list for PBXNativeTarget "CollectionViewThingUITests" */;
			buildPhases = (
				7092248B1CB896D1007E453B /* Sources */,
				7092248C1CB896D1007E453B /* Frameworks */,
				7092248D1CB896D1007E453B /* Resources */,
			);
			buildRules = (
			);
			dependencies = (
				709224911CB896D1007E453B /* PBXTargetDependency */,
			);
			name = CollectionViewThingUITests;
			productName = CollectionViewThingUITests;
			productReference = 7092248F1CB896D1007E453B /* CollectionViewThingUITests.xctest */;
			productType = "com.apple.product-type.bundle.ui-testing";
		};
/* End PBXNativeTarget section */

/* Begin PBXProject section */
		709224681CB896D1007E453B /* Project object */ = {
			isa = PBXProject;
			attributes = {
				LastSwiftUpdateCheck = 0730;
				LastUpgradeCheck = 0730;
				ORGANIZATIONNAME = co.3bx;
				TargetAttributes = {
					7092246F1CB896D1007E453B = {
						CreatedOnToolsVersion = 7.3;
						DevelopmentTeam = 9NKYA2H2Z9;
					};
					709224831CB896D1007E453B = {
						CreatedOnToolsVersion = 7.3;
						TestTargetID = 7092246F1CB896D1007E453B;
					};
					7092248E1CB896D1007E453B = {
						CreatedOnToolsVersion = 7.3;
						TestTargetID = 7092246F1CB896D1007E453B;
					};
				};
			};
			buildConfigurationList = 7092246B1CB896D1007E453B /* Build configuration list for PBXProject "CollectionViewThing" */;
			compatibilityVersion = "Xcode 3.2";
			developmentRegion = English;
			hasScannedForEncodings = 0;
			knownRegions = (
				en,
				Base,
			);
			mainGroup = 709224671CB896D1007E453B;
			productRefGroup = 709224711CB896D1007E453B /* Products */;
			projectDirPath = "";
			projectRoot = "";
			targets = (
				7092246F1CB896D1007E453B /* CollectionViewThing */,
				709224831CB896D1007E453B /* CollectionViewThingTests */,
				7092248E1CB896D1007E453B /* CollectionViewThingUITests */,
			);
		};
/* End PBXProject section */

/* Begin PBXResourcesBuildPhase section */
		7092246E1CB896D1007E453B /* Resources */ = {
			isa = PBXResourcesBuildPhase;
			buildActionMask = 2147483647;
			files = (
				7092247E1CB896D1007E453B /* LaunchScreen.storyboard in Resources */,
				7092247B1CB896D1007E453B /* Assets.xcassets in Resources */,
				709224791CB896D1007E453B /* Main.storyboard in Resources */,
			);
			runOnlyForDeploymentPostprocessing = 0;
		};
		709224821CB896D1007E453B /* Resources */ = {
			isa = PBXResourcesBuildPhase;
			buildActionMask = 2147483647;
			files = (
			);
			runOnlyForDeploymentPostprocessing = 0;
		};
		7092248D1CB896D1007E453B /* Resources */ = {
			isa = PBXResourcesBuildPhase;
			buildActionMask = 2147483647;
			files = (
			);
			runOnlyForDeploymentPostprocessing = 0;
		};
/* End PBXResourcesBuildPhase section */

/* Begin PBXSourcesBuildPhase section */
		7092246C1CB896D1007E453B /* Sources */ = {
			isa = PBXSourcesBuildPhase;
			buildActionMask = 2147483647;
			files = (
				709295B01CB89DD6006C410A /* FlickrSearcher.swift in Sources */,
				709295B21CB8D0AB006C410A /* FlickrPhotoCell.swift in Sources */,
				70F4390D1CB97A08007D91E8 /* FlickrPhotoHeaderView.swift in Sources */,
				709224741CB896D1007E453B /* AppDelegate.swift in Sources */,
				709295AE1CB89A9E006C410A /* ItemCollectionViewController.swift in Sources */,
			);
			runOnlyForDeploymentPostprocessing = 0;
		};
		709224801CB896D1007E453B /* Sources */ = {
			isa = PBXSourcesBuildPhase;
			buildActionMask = 2147483647;
			files = (
				709224891CB896D1007E453B /* CollectionViewThingTests.swift in Sources */,
			);
			runOnlyForDeploymentPostprocessing = 0;
		};
		7092248B1CB896D1007E453B /* Sources */ = {
			isa = PBXSourcesBuildPhase;
			buildActionMask = 2147483647;
			files = (
				709224941CB896D1007E453B /* CollectionViewThingUITests.swift in Sources */,
			);
			runOnlyForDeploymentPostprocessing = 0;
		};
/* End PBXSourcesBuildPhase section */

/* Begin PBXTargetDependency section */
		709224861CB896D1007E453B /* PBXTargetDependency */ = {
			isa = PBXTargetDependency;
			target = 7092246F1CB896D1007E453B /* CollectionViewThing */;
			targetProxy = 709224851CB896D1007E453B /* PBXContainerItemProxy */;
		};
		709224911CB896D1007E453B /* PBXTargetDependency */ = {
			isa = PBXTargetDependency;
			target = 7092246F1CB896D1007E453B /* CollectionViewThing */;
			targetProxy = 709224901CB896D1007E453B /* PBXContainerItemProxy */;
		};
/* End PBXTargetDependency section */

/* Begin PBXVariantGroup section */
		709224771CB896D1007E453B /* Main.storyboard */ = {
			isa = PBXVariantGroup;
			children = (
				709224781CB896D1007E453B /* Base */,
			);
			name = Main.storyboard;
			sourceTree = "<group>";
		};
		7092247C1CB896D1007E453B /* LaunchScreen.storyboard */ = {
			isa = PBXVariantGroup;
			children = (
				7092247D1CB896D1007E453B /* Base */,
			);
			name = LaunchScreen.storyboard;
			sourceTree = "<group>";
		};
/* End PBXVariantGroup section */

/* Begin XCBuildConfiguration section */
		709224961CB896D1007E453B /* Debug */ = {
			isa = XCBuildConfiguration;
			buildSettings = {
				ALWAYS_SEARCH_USER_PATHS = NO;
				CLANG_ANALYZER_NONNULL = YES;
				CLANG_CXX_LANGUAGE_STANDARD = "gnu++0x";
				CLANG_CXX_LIBRARY = "libc++";
				CLANG_ENABLE_MODULES = YES;
				CLANG_ENABLE_OBJC_ARC = YES;
				CLANG_WARN_BOOL_CONVERSION = YES;
				CLANG_WARN_CONSTANT_CONVERSION = YES;
				CLANG_WARN_DIRECT_OBJC_ISA_USAGE = YES_ERROR;
				CLANG_WARN_EMPTY_BODY = YES;
				CLANG_WARN_ENUM_CONVERSION = YES;
				CLANG_WARN_INT_CONVERSION = YES;
				CLANG_WARN_OBJC_ROOT_CLASS = YES_ERROR;
				CLANG_WARN_UNREACHABLE_CODE = YES;
				CLANG_WARN__DUPLICATE_METHOD_MATCH = YES;
				"CODE_SIGN_IDENTITY[sdk=iphoneos*]" = "iPhone Developer";
				COPY_PHASE_STRIP = NO;
				DEBUG_INFORMATION_FORMAT = dwarf;
				ENABLE_STRICT_OBJC_MSGSEND = YES;
				ENABLE_TESTABILITY = YES;
				GCC_C_LANGUAGE_STANDARD = gnu99;
				GCC_DYNAMIC_NO_PIC = NO;
				GCC_NO_COMMON_BLOCKS = YES;
				GCC_OPTIMIZATION_LEVEL = 0;
				GCC_PREPROCESSOR_DEFINITIONS = (
					"DEBUG=1",
					"$(inherited)",
				);
				GCC_WARN_64_TO_32_BIT_CONVERSION = YES;
				GCC_WARN_ABOUT_RETURN_TYPE = YES_ERROR;
				GCC_WARN_UNDECLARED_SELECTOR = YES;
				GCC_WARN_UNINITIALIZED_AUTOS = YES_AGGRESSIVE;
				GCC_WARN_UNUSED_FUNCTION = YES;
				GCC_WARN_UNUSED_VARIABLE = YES;
				IPHONEOS_DEPLOYMENT_TARGET = 9.3;
				MTL_ENABLE_DEBUG_INFO = YES;
				ONLY_ACTIVE_ARCH = YES;
				SDKROOT = iphoneos;
				SWIFT_OPTIMIZATION_LEVEL = "-Onone";
				TARGETED_DEVICE_FAMILY = "1,2";
			};
			name = Debug;
		};
		709224971CB896D1007E453B /* Release */ = {
			isa = XCBuildConfiguration;
			buildSettings = {
				ALWAYS_SEARCH_USER_PATHS = NO;
				CLANG_ANALYZER_NONNULL = YES;
				CLANG_CXX_LANGUAGE_STANDARD = "gnu++0x";
				CLANG_CXX_LIBRARY = "libc++";
				CLANG_ENABLE_MODULES = YES;
				CLANG_ENABLE_OBJC_ARC = YES;
				CLANG_WARN_BOOL_CONVERSION = YES;
				CLANG_WARN_CONSTANT_CONVERSION = YES;
				CLANG_WARN_DIRECT_OBJC_ISA_USAGE = YES_ERROR;
				CLANG_WARN_EMPTY_BODY = YES;
				CLANG_WARN_ENUM_CONVERSION = YES;
				CLANG_WARN_INT_CONVERSION = YES;
				CLANG_WARN_OBJC_ROOT_CLASS = YES_ERROR;
				CLANG_WARN_UNREACHABLE_CODE = YES;
				CLANG_WARN__DUPLICATE_METHOD_MATCH = YES;
				"CODE_SIGN_IDENTITY[sdk=iphoneos*]" = "iPhone Developer";
				COPY_PHASE_STRIP = NO;
				DEBUG_INFORMATION_FORMAT = "dwarf-with-dsym";
				ENABLE_NS_ASSERTIONS = NO;
				ENABLE_STRICT_OBJC_MSGSEND = YES;
				GCC_C_LANGUAGE_STANDARD = gnu99;
				GCC_NO_COMMON_BLOCKS = YES;
				GCC_WARN_64_TO_32_BIT_CONVERSION = YES;
				GCC_WARN_ABOUT_RETURN_TYPE = YES_ERROR;
				GCC_WARN_UNDECLARED_SELECTOR = YES;
				GCC_WARN_UNINITIALIZED_AUTOS = YES_AGGRESSIVE;
				GCC_WARN_UNUSED_FUNCTION = YES;
				GCC_WARN_UNUSED_VARIABLE = YES;
				IPHONEOS_DEPLOYMENT_TARGET = 9.3;
				MTL_ENABLE_DEBUG_INFO = NO;
				SDKROOT = iphoneos;
				TARGETED_DEVICE_FAMILY = "1,2";
				VALIDATE_PRODUCT = YES;
			};
			name = Release;
		};
		709224991CB896D1007E453B /* Debug */ = {
			isa = XCBuildConfiguration;
			buildSettings = {
				ASSETCATALOG_COMPILER_APPICON_NAME = AppIcon;
				CODE_SIGN_IDENTITY = "iPhone Developer";
				INFOPLIST_FILE = CollectionViewThing/Info.plist;
				LD_RUNPATH_SEARCH_PATHS = "$(inherited) @executable_path/Frameworks";
				PRODUCT_BUNDLE_IDENTIFIER = co.3bx.CollectionViewThing;
				PRODUCT_NAME = "$(TARGET_NAME)";
			};
			name = Debug;
		};
		7092249A1CB896D1007E453B /* Release */ = {
			isa = XCBuildConfiguration;
			buildSettings = {
				ASSETCATALOG_COMPILER_APPICON_NAME = AppIcon;
				CODE_SIGN_IDENTITY = "iPhone Developer";
				INFOPLIST_FILE = CollectionViewThing/Info.plist;
				LD_RUNPATH_SEARCH_PATHS = "$(inherited) @executable_path/Frameworks";
				PRODUCT_BUNDLE_IDENTIFIER = co.3bx.CollectionViewThing;
				PRODUCT_NAME = "$(TARGET_NAME)";
			};
			name = Release;
		};
		7092249C1CB896D1007E453B /* Debug */ = {
			isa = XCBuildConfiguration;
			buildSettings = {
				BUNDLE_LOADER = "$(TEST_HOST)";
				INFOPLIST_FILE = CollectionViewThingTests/Info.plist;
				LD_RUNPATH_SEARCH_PATHS = "$(inherited) @executable_path/Frameworks @loader_path/Frameworks";
				PRODUCT_BUNDLE_IDENTIFIER = co.3bx.CollectionViewThingTests;
				PRODUCT_NAME = "$(TARGET_NAME)";
				TEST_HOST = "$(BUILT_PRODUCTS_DIR)/CollectionViewThing.app/CollectionViewThing";
			};
			name = Debug;
		};
		7092249D1CB896D1007E453B /* Release */ = {
			isa = XCBuildConfiguration;
			buildSettings = {
				BUNDLE_LOADER = "$(TEST_HOST)";
				INFOPLIST_FILE = CollectionViewThingTests/Info.plist;
				LD_RUNPATH_SEARCH_PATHS = "$(inherited) @executable_path/Frameworks @loader_path/Frameworks";
				PRODUCT_BUNDLE_IDENTIFIER = co.3bx.CollectionViewThingTests;
				PRODUCT_NAME = "$(TARGET_NAME)";
				TEST_HOST = "$(BUILT_PRODUCTS_DIR)/CollectionViewThing.app/CollectionViewThing";
			};
			name = Release;
		};
		7092249F1CB896D1007E453B /* Debug */ = {
			isa = XCBuildConfiguration;
			buildSettings = {
				INFOPLIST_FILE = CollectionViewThingUITests/Info.plist;
				LD_RUNPATH_SEARCH_PATHS = "$(inherited) @executable_path/Frameworks @loader_path/Frameworks";
				PRODUCT_BUNDLE_IDENTIFIER = co.3bx.CollectionViewThingUITests;
				PRODUCT_NAME = "$(TARGET_NAME)";
				TEST_TARGET_NAME = CollectionViewThing;
			};
			name = Debug;
		};
		709224A01CB896D1007E453B /* Release */ = {
			isa = XCBuildConfiguration;
			buildSettings = {
				INFOPLIST_FILE = CollectionViewThingUITests/Info.plist;
				LD_RUNPATH_SEARCH_PATHS = "$(inherited) @executable_path/Frameworks @loader_path/Frameworks";
				PRODUCT_BUNDLE_IDENTIFIER = co.3bx.CollectionViewThingUITests;
				PRODUCT_NAME = "$(TARGET_NAME)";
				TEST_TARGET_NAME = CollectionViewThing;
			};
			name = Release;
		};
/* End XCBuildConfiguration section */

/* Begin XCConfigurationList section */
		7092246B1CB896D1007E453B /* Build configuration list for PBXProject "CollectionViewThing" */ = {
			isa = XCConfigurationList;
			buildConfigurations = (
				709224961CB896D1007E453B /* Debug */,
				709224971CB896D1007E453B /* Release */,
			);
			defaultConfigurationIsVisible = 0;
			defaultConfigurationName = Release;
		};
		709224981CB896D1007E453B /* Build configuration list for PBXNativeTarget "CollectionViewThing" */ = {
			isa = XCConfigurationList;
			buildConfigurations = (
				709224991CB896D1007E453B /* Debug */,
				7092249A1CB896D1007E453B /* Release */,
			);
			defaultConfigurationIsVisible = 0;
			defaultConfigurationName = Release;
		};
		7092249B1CB896D1007E453B /* Build configuration list for PBXNativeTarget "CollectionViewThingTests" */ = {
			isa = XCConfigurationList;
			buildConfigurations = (
				7092249C1CB896D1007E453B /* Debug */,
				7092249D1CB896D1007E453B /* Release */,
			);
			defaultConfigurationIsVisible = 0;
			defaultConfigurationName = Release;
		};
		7092249E1CB896D1007E453B /* Build configuration list for PBXNativeTarget "CollectionViewThingUITests" */ = {
			isa = XCConfigurationList;
			buildConfigurations = (
				7092249F1CB896D1007E453B /* Debug */,
				709224A01CB896D1007E453B /* Release */,
			);
			defaultConfigurationIsVisible = 0;
			defaultConfigurationName = Release;
		};
/* End XCConfigurationList section */
	};
	rootObject = 709224681CB896D1007E453B /* Project object */;
}
